{
  "originHash" : "62588cb6a0c87175bf72fc3a97199bf94938723bd8cd3fbf3cc290f44adaa0b9",
  "pins" : [
    {
      "identity" : "combineex",
      "kind" : "remoteSourceControl",
      "location" : "https://github.com/jmfieldman/CombineEx.git",
      "state" : {
        "revision" : "a0fb0ca15ba533db083c938c3a412b83687d9b2b",
        "version" : "0.0.17"
      }
    }
  ],
  "version" : 3
}
