{
  "originHash" : "62588cb6a0c87175bf72fc3a97199bf94938723bd8cd3fbf3cc290f44adaa0b9",
  "pins" : [
    {
      "identity" : "combineex",
      "kind" : "remoteSourceControl",
      "location" : "https://github.com/jmfieldman/CombineEx.git",
      "state" : {
        "revision" : "28a4751b908451a7889ad18dbe4ad1a4a591b65d",
        "version" : "0.0.6"
      }
    }
  ],
  "version" : 3
}
