{
  "originHash" : "62588cb6a0c87175bf72fc3a97199bf94938723bd8cd3fbf3cc290f44adaa0b9",
  "pins" : [
    {
      "identity" : "combineex",
      "kind" : "remoteSourceControl",
      "location" : "https://github.com/jmfieldman/CombineEx.git",
      "state" : {
        "revision" : "f0f07ecb7b6517b2b4bf99c9565d3fd92aac06d3",
        "version" : "0.0.11"
      }
    }
  ],
  "version" : 3
}
