// !$*UTF8*$!
{
	archiveVersion = 1;
	classes = {
	};
	objectVersion = 46;
	objects = {

/* Begin PBXBuildFile section */
		3527D8241C5FE67B0090DF3D /* Array+Mortar.swift in Sources */ = {isa = PBXBuildFile; fileRef = 3527D8231C5FE67B0090DF3D /* Array+Mortar.swift */; };
		3572EA941C5D13D00036DC10 /* AppDelegate.swift in Sources */ = {isa = PBXBuildFile; fileRef = 3572EA931C5D13D00036DC10 /* AppDelegate.swift */; };
		3572EA961C5D13D00036DC10 /* ViewController.swift in Sources */ = {isa = PBXBuildFile; fileRef = 3572EA951C5D13D00036DC10 /* ViewController.swift */; };
		3572EA991C5D13D00036DC10 /* Main.storyboard in Resources */ = {isa = PBXBuildFile; fileRef = 3572EA971C5D13D00036DC10 /* Main.storyboard */; };
		3572EA9B1C5D13D00036DC10 /* Assets.xcassets in Resources */ = {isa = PBXBuildFile; fileRef = 3572EA9A1C5D13D00036DC10 /* Assets.xcassets */; };
		3572EA9E1C5D13D00036DC10 /* LaunchScreen.storyboard in Resources */ = {isa = PBXBuildFile; fileRef = 3572EA9C1C5D13D00036DC10 /* LaunchScreen.storyboard */; };
		3572EAA71C5D14010036DC10 /* Mortar.swift in Sources */ = {isa = PBXBuildFile; fileRef = 3572EAA61C5D14010036DC10 /* Mortar.swift */; };
		3572EAA91C5D19E70036DC10 /* View+Mortar.swift in Sources */ = {isa = PBXBuildFile; fileRef = 3572EAA81C5D19E70036DC10 /* View+Mortar.swift */; };
		3572EAAB1C5DBBD10036DC10 /* MortarOperators.swift in Sources */ = {isa = PBXBuildFile; fileRef = 3572EAAA1C5DBBD10036DC10 /* MortarOperators.swift */; };
		3572EAAD1C5DBDCB0036DC10 /* MortarAttribute.swift in Sources */ = {isa = PBXBuildFile; fileRef = 3572EAAC1C5DBDCB0036DC10 /* MortarAttribute.swift */; };
		3572EAAF1C5DBDD40036DC10 /* MortarConstraint.swift in Sources */ = {isa = PBXBuildFile; fileRef = 3572EAAE1C5DBDD40036DC10 /* MortarConstraint.swift */; };
		3572EAB11C5DBE3D0036DC10 /* MortarGroup.swift in Sources */ = {isa = PBXBuildFile; fileRef = 3572EAB01C5DBE3C0036DC10 /* MortarGroup.swift */; };
/* End PBXBuildFile section */

/* Begin PBXFileReference section */
		3527D8231C5FE67B0090DF3D /* Array+Mortar.swift */ = {isa = PBXFileReference; fileEncoding = 4; lastKnownFileType = sourcecode.swift; path = "Array+Mortar.swift"; sourceTree = "<group>"; };
		3572EA901C5D13D00036DC10 /* MortarTest.app */ = {isa = PBXFileReference; explicitFileType = wrapper.application; includeInIndex = 0; path = MortarTest.app; sourceTree = BUILT_PRODUCTS_DIR; };
		3572EA931C5D13D00036DC10 /* AppDelegate.swift */ = {isa = PBXFileReference; lastKnownFileType = sourcecode.swift; path = AppDelegate.swift; sourceTree = "<group>"; };
		3572EA951C5D13D00036DC10 /* ViewController.swift */ = {isa = PBXFileReference; lastKnownFileType = sourcecode.swift; path = ViewController.swift; sourceTree = "<group>"; };
		3572EA981C5D13D00036DC10 /* Base */ = {isa = PBXFileReference; lastKnownFileType = file.storyboard; name = Base; path = Base.lproj/Main.storyboard; sourceTree = "<group>"; };
		3572EA9A1C5D13D00036DC10 /* Assets.xcassets */ = {isa = PBXFileReference; lastKnownFileType = folder.assetcatalog; path = Assets.xcassets; sourceTree = "<group>"; };
		3572EA9D1C5D13D00036DC10 /* Base */ = {isa = PBXFileReference; lastKnownFileType = file.storyboard; name = Base; path = Base.lproj/LaunchScreen.storyboard; sourceTree = "<group>"; };
		3572EA9F1C5D13D00036DC10 /* Info.plist */ = {isa = PBXFileReference; lastKnownFileType = text.plist.xml; path = Info.plist; sourceTree = "<group>"; };
		3572EAA61C5D14010036DC10 /* Mortar.swift */ = {isa = PBXFileReference; fileEncoding = 4; lastKnownFileType = sourcecode.swift; path = Mortar.swift; sourceTree = "<group>"; };
		3572EAA81C5D19E70036DC10 /* View+Mortar.swift */ = {isa = PBXFileReference; fileEncoding = 4; lastKnownFileType = sourcecode.swift; path = "View+Mortar.swift"; sourceTree = "<group>"; };
		3572EAAA1C5DBBD10036DC10 /* MortarOperators.swift */ = {isa = PBXFileReference; fileEncoding = 4; lastKnownFileType = sourcecode.swift; path = MortarOperators.swift; sourceTree = "<group>"; };
		3572EAAC1C5DBDCB0036DC10 /* MortarAttribute.swift */ = {isa = PBXFileReference; fileEncoding = 4; lastKnownFileType = sourcecode.swift; path = MortarAttribute.swift; sourceTree = "<group>"; };
		3572EAAE1C5DBDD40036DC10 /* MortarConstraint.swift */ = {isa = PBXFileReference; fileEncoding = 4; lastKnownFileType = sourcecode.swift; path = MortarConstraint.swift; sourceTree = "<group>"; };
		3572EAB01C5DBE3C0036DC10 /* MortarGroup.swift */ = {isa = PBXFileReference; fileEncoding = 4; lastKnownFileType = sourcecode.swift; path = MortarGroup.swift; sourceTree = "<group>"; };
/* End PBXFileReference section */

/* Begin PBXFrameworksBuildPhase section */
		3572EA8D1C5D13D00036DC10 /* Frameworks */ = {
			isa = PBXFrameworksBuildPhase;
			buildActionMask = 2147483647;
			files = (
			);
			runOnlyForDeploymentPostprocessing = 0;
		};
/* End PBXFrameworksBuildPhase section */

/* Begin PBXGroup section */
		3572EA871C5D13D00036DC10 = {
			isa = PBXGroup;
			children = (
				3572EA921C5D13D00036DC10 /* MortarTest */,
				3572EA911C5D13D00036DC10 /* Products */,
			);
			sourceTree = "<group>";
			usesTabs = 0;
		};
		3572EA911C5D13D00036DC10 /* Products */ = {
			isa = PBXGroup;
			children = (
				3572EA901C5D13D00036DC10 /* MortarTest.app */,
			);
			name = Products;
			sourceTree = "<group>";
		};
		3572EA921C5D13D00036DC10 /* MortarTest */ = {
			isa = PBXGroup;
			children = (
				3572EAA51C5D13DF0036DC10 /* Mortar */,
				3572EA931C5D13D00036DC10 /* AppDelegate.swift */,
				3572EA951C5D13D00036DC10 /* ViewController.swift */,
				3572EA971C5D13D00036DC10 /* Main.storyboard */,
				3572EA9A1C5D13D00036DC10 /* Assets.xcassets */,
				3572EA9C1C5D13D00036DC10 /* LaunchScreen.storyboard */,
				3572EA9F1C5D13D00036DC10 /* Info.plist */,
			);
			path = MortarTest;
			sourceTree = "<group>";
		};
		3572EAA51C5D13DF0036DC10 /* Mortar */ = {
			isa = PBXGroup;
			children = (
				3572EAA61C5D14010036DC10 /* Mortar.swift */,
				3572EAAA1C5DBBD10036DC10 /* MortarOperators.swift */,
				3572EAAC1C5DBDCB0036DC10 /* MortarAttribute.swift */,
				3572EAAE1C5DBDD40036DC10 /* MortarConstraint.swift */,
				3572EAB01C5DBE3C0036DC10 /* MortarGroup.swift */,
				3572EAA81C5D19E70036DC10 /* View+Mortar.swift */,
				3527D8231C5FE67B0090DF3D /* Array+Mortar.swift */,
			);
			name = Mortar;
			sourceTree = "<group>";
		};
/* End PBXGroup section */

/* Begin PBXNativeTarget section */
		3572EA8F1C5D13D00036DC10 /* MortarTest */ = {
			isa = PBXNativeTarget;
			buildConfigurationList = 3572EAA21C5D13D00036DC10 /* Build configuration list for PBXNativeTarget "MortarTest" */;
			buildPhases = (
				3572EA8C1C5D13D00036DC10 /* Sources */,
				3572EA8D1C5D13D00036DC10 /* Frameworks */,
				3572EA8E1C5D13D00036DC10 /* Resources */,
			);
			buildRules = (
			);
			dependencies = (
			);
			name = MortarTest;
			productName = MortarTest;
			productReference = 3572EA901C5D13D00036DC10 /* MortarTest.app */;
			productType = "com.apple.product-type.application";
		};
/* End PBXNativeTarget section */

/* Begin PBXProject section */
		3572EA881C5D13D00036DC10 /* Project object */ = {
			isa = PBXProject;
			attributes = {
				LastSwiftUpdateCheck = 0720;
				LastUpgradeCheck = 0720;
				ORGANIZATIONNAME = "Jason Fieldman";
				TargetAttributes = {
					3572EA8F1C5D13D00036DC10 = {
						CreatedOnToolsVersion = 7.2;
					};
				};
			};
			buildConfigurationList = 3572EA8B1C5D13D00036DC10 /* Build configuration list for PBXProject "MortarTest" */;
			compatibilityVersion = "Xcode 3.2";
			developmentRegion = English;
			hasScannedForEncodings = 0;
			knownRegions = (
				en,
				Base,
			);
			mainGroup = 3572EA871C5D13D00036DC10;
			productRefGroup = 3572EA911C5D13D00036DC10 /* Products */;
			projectDirPath = "";
			projectRoot = "";
			targets = (
				3572EA8F1C5D13D00036DC10 /* MortarTest */,
			);
		};
/* End PBXProject section */

/* Begin PBXResourcesBuildPhase section */
		3572EA8E1C5D13D00036DC10 /* Resources */ = {
			isa = PBXResourcesBuildPhase;
			buildActionMask = 2147483647;
			files = (
				3572EA9E1C5D13D00036DC10 /* LaunchScreen.storyboard in Resources */,
				3572EA9B1C5D13D00036DC10 /* Assets.xcassets in Resources */,
				3572EA991C5D13D00036DC10 /* Main.storyboard in Resources */,
			);
			runOnlyForDeploymentPostprocessing = 0;
		};
/* End PBXResourcesBuildPhase section */

/* Begin PBXSourcesBuildPhase section */
		3572EA8C1C5D13D00036DC10 /* Sources */ = {
			isa = PBXSourcesBuildPhase;
			buildActionMask = 2147483647;
			files = (
				3572EA961C5D13D00036DC10 /* ViewController.swift in Sources */,
				3572EAA71C5D14010036DC10 /* Mortar.swift in Sources */,
				3572EAAB1C5DBBD10036DC10 /* MortarOperators.swift in Sources */,
				3572EA941C5D13D00036DC10 /* AppDelegate.swift in Sources */,
				3572EAAF1C5DBDD40036DC10 /* MortarConstraint.swift in Sources */,
				3572EAA91C5D19E70036DC10 /* View+Mortar.swift in Sources */,
				3527D8241C5FE67B0090DF3D /* Array+Mortar.swift in Sources */,
				3572EAB11C5DBE3D0036DC10 /* MortarGroup.swift in Sources */,
				3572EAAD1C5DBDCB0036DC10 /* MortarAttribute.swift in Sources */,
			);
			runOnlyForDeploymentPostprocessing = 0;
		};
/* End PBXSourcesBuildPhase section */

/* Begin PBXVariantGroup section */
		3572EA971C5D13D00036DC10 /* Main.storyboard */ = {
			isa = PBXVariantGroup;
			children = (
				3572EA981C5D13D00036DC10 /* Base */,
			);
			name = Main.storyboard;
			sourceTree = "<group>";
		};
		3572EA9C1C5D13D00036DC10 /* LaunchScreen.storyboard */ = {
			isa = PBXVariantGroup;
			children = (
				3572EA9D1C5D13D00036DC10 /* Base */,
			);
			name = LaunchScreen.storyboard;
			sourceTree = "<group>";
		};
/* End PBXVariantGroup section */

/* Begin XCBuildConfiguration section */
		3572EAA01C5D13D00036DC10 /* Debug */ = {
			isa = XCBuildConfiguration;
			buildSettings = {
				ALWAYS_SEARCH_USER_PATHS = NO;
				CLANG_CXX_LANGUAGE_STANDARD = "gnu++0x";
				CLANG_CXX_LIBRARY = "libc++";
				CLANG_ENABLE_MODULES = YES;
				CLANG_ENABLE_OBJC_ARC = YES;
				CLANG_WARN_BOOL_CONVERSION = YES;
				CLANG_WARN_CONSTANT_CONVERSION = YES;
				CLANG_WARN_DIRECT_OBJC_ISA_USAGE = YES_ERROR;
				CLANG_WARN_EMPTY_BODY = YES;
				CLANG_WARN_ENUM_CONVERSION = YES;
				CLANG_WARN_INT_CONVERSION = YES;
				CLANG_WARN_OBJC_ROOT_CLASS = YES_ERROR;
				CLANG_WARN_UNREACHABLE_CODE = YES;
				CLANG_WARN__DUPLICATE_METHOD_MATCH = YES;
				"CODE_SIGN_IDENTITY[sdk=iphoneos*]" = "iPhone Developer";
				COPY_PHASE_STRIP = NO;
				DEBUG_INFORMATION_FORMAT = dwarf;
				ENABLE_STRICT_OBJC_MSGSEND = YES;
				ENABLE_TESTABILITY = YES;
				GCC_C_LANGUAGE_STANDARD = gnu99;
				GCC_DYNAMIC_NO_PIC = NO;
				GCC_NO_COMMON_BLOCKS = YES;
				GCC_OPTIMIZATION_LEVEL = 0;
				GCC_PREPROCESSOR_DEFINITIONS = (
					"DEBUG=1",
					"$(inherited)",
				);
				GCC_WARN_64_TO_32_BIT_CONVERSION = YES;
				GCC_WARN_ABOUT_RETURN_TYPE = YES_ERROR;
				GCC_WARN_UNDECLARED_SELECTOR = YES;
				GCC_WARN_UNINITIALIZED_AUTOS = YES_AGGRESSIVE;
				GCC_WARN_UNUSED_FUNCTION = YES;
				GCC_WARN_UNUSED_VARIABLE = YES;
				IPHONEOS_DEPLOYMENT_TARGET = 9.2;
				MTL_ENABLE_DEBUG_INFO = YES;
				ONLY_ACTIVE_ARCH = YES;
				SDKROOT = iphoneos;
				SWIFT_OPTIMIZATION_LEVEL = "-Onone";
				TARGETED_DEVICE_FAMILY = "1,2";
			};
			name = Debug;
		};
		3572EAA11C5D13D00036DC10 /* Release */ = {
			isa = XCBuildConfiguration;
			buildSettings = {
				ALWAYS_SEARCH_USER_PATHS = NO;
				CLANG_CXX_LANGUAGE_STANDARD = "gnu++0x";
				CLANG_CXX_LIBRARY = "libc++";
				CLANG_ENABLE_MODULES = YES;
				CLANG_ENABLE_OBJC_ARC = YES;
				CLANG_WARN_BOOL_CONVERSION = YES;
				CLANG_WARN_CONSTANT_CONVERSION = YES;
				CLANG_WARN_DIRECT_OBJC_ISA_USAGE = YES_ERROR;
				CLANG_WARN_EMPTY_BODY = YES;
				CLANG_WARN_ENUM_CONVERSION = YES;
				CLANG_WARN_INT_CONVERSION = YES;
				CLANG_WARN_OBJC_ROOT_CLASS = YES_ERROR;
				CLANG_WARN_UNREACHABLE_CODE = YES;
				CLANG_WARN__DUPLICATE_METHOD_MATCH = YES;
				"CODE_SIGN_IDENTITY[sdk=iphoneos*]" = "iPhone Developer";
				COPY_PHASE_STRIP = NO;
				DEBUG_INFORMATION_FORMAT = "dwarf-with-dsym";
				ENABLE_NS_ASSERTIONS = NO;
				ENABLE_STRICT_OBJC_MSGSEND = YES;
				GCC_C_LANGUAGE_STANDARD = gnu99;
				GCC_NO_COMMON_BLOCKS = YES;
				GCC_WARN_64_TO_32_BIT_CONVERSION = YES;
				GCC_WARN_ABOUT_RETURN_TYPE = YES_ERROR;
				GCC_WARN_UNDECLARED_SELECTOR = YES;
				GCC_WARN_UNINITIALIZED_AUTOS = YES_AGGRESSIVE;
				GCC_WARN_UNUSED_FUNCTION = YES;
				GCC_WARN_UNUSED_VARIABLE = YES;
				IPHONEOS_DEPLOYMENT_TARGET = 9.2;
				MTL_ENABLE_DEBUG_INFO = NO;
				SDKROOT = iphoneos;
				TARGETED_DEVICE_FAMILY = "1,2";
				VALIDATE_PRODUCT = YES;
			};
			name = Release;
		};
		3572EAA31C5D13D00036DC10 /* Debug */ = {
			isa = XCBuildConfiguration;
			buildSettings = {
				ASSETCATALOG_COMPILER_APPICON_NAME = AppIcon;
				INFOPLIST_FILE = MortarTest/Info.plist;
				LD_RUNPATH_SEARCH_PATHS = "$(inherited) @executable_path/Frameworks";
				PRODUCT_BUNDLE_IDENTIFIER = org.fieldman.MortarTest;
				PRODUCT_NAME = "$(TARGET_NAME)";
			};
			name = Debug;
		};
		3572EAA41C5D13D00036DC10 /* Release */ = {
			isa = XCBuildConfiguration;
			buildSettings = {
				ASSETCATALOG_COMPILER_APPICON_NAME = AppIcon;
				INFOPLIST_FILE = MortarTest/Info.plist;
				LD_RUNPATH_SEARCH_PATHS = "$(inherited) @executable_path/Frameworks";
				PRODUCT_BUNDLE_IDENTIFIER = org.fieldman.MortarTest;
				PRODUCT_NAME = "$(TARGET_NAME)";
			};
			name = Release;
		};
/* End XCBuildConfiguration section */

/* Begin XCConfigurationList section */
		3572EA8B1C5D13D00036DC10 /* Build configuration list for PBXProject "MortarTest" */ = {
			isa = XCConfigurationList;
			buildConfigurations = (
				3572EAA01C5D13D00036DC10 /* Debug */,
				3572EAA11C5D13D00036DC10 /* Release */,
			);
			defaultConfigurationIsVisible = 0;
			defaultConfigurationName = Release;
		};
		3572EAA21C5D13D00036DC10 /* Build configuration list for PBXNativeTarget "MortarTest" */ = {
			isa = XCConfigurationList;
			buildConfigurations = (
				3572EAA31C5D13D00036DC10 /* Debug */,
				3572EAA41C5D13D00036DC10 /* Release */,
			);
			defaultConfigurationIsVisible = 0;
			defaultConfigurationName = Release;
		};
/* End XCConfigurationList section */
	};
	rootObject = 3572EA881C5D13D00036DC10 /* Project object */;
}
